// !$*UTF8*$!
{
	archiveVersion = 1;
	classes = {
	};
	objectVersion = 56;
	objects = {

/* Begin PBXBuildFile section */
		4D8F1A022EEE1255000B36CF /* PomodoroViewModel.swift in Sources */ = {isa = PBXBuildFile; fileRef = 4D8F1A012EEE1255000B36CF /* PomodoroViewModel.swift */; };
		4D8F1A042EEE172B000B36CF /* PomodoroView.swift in Sources */ = {isa = PBXBuildFile; fileRef = 4D8F1A032EEE172B000B36CF /* PomodoroView.swift */; };
		4D8F1A062EEE1981000B36CF /* PomodoroSettingsView.swift in Sources */ = {isa = PBXBuildFile; fileRef = 4D8F1A052EEE1981000B36CF /* PomodoroSettingsView.swift */; };
		4D9B70D82EEEE3CE00ED4280 /* NoteFolder.swift in Sources */ = {isa = PBXBuildFile; fileRef = 4D9B70D72EEEE3CE00ED4280 /* NoteFolder.swift */; };
		4D9B70DA2EEEE68C00ED4280 /* NoteViewModel.swift in Sources */ = {isa = PBXBuildFile; fileRef = 4D9B70D92EEEE68C00ED4280 /* NoteViewModel.swift */; };
		4D9B70DC2EEEF4EA00ED4280 /* NotesView.swift in Sources */ = {isa = PBXBuildFile; fileRef = 4D9B70DB2EEEF4EA00ED4280 /* NotesView.swift */; };
		4D9B70DE2EEEF53B00ED4280 /* SearchBar.swift in Sources */ = {isa = PBXBuildFile; fileRef = 4D9B70DD2EEEF53B00ED4280 /* SearchBar.swift */; };
		4D9B70E02EEEF56000ED4280 /* FolderScrollView.swift in Sources */ = {isa = PBXBuildFile; fileRef = 4D9B70DF2EEEF56000ED4280 /* FolderScrollView.swift */; };
		4D9B70E22EEEF59100ED4280 /* FolderChip.swift in Sources */ = {isa = PBXBuildFile; fileRef = 4D9B70E12EEEF59100ED4280 /* FolderChip.swift */; };
		4D9B70E42EEEF5D600ED4280 /* NoteRowView.swift in Sources */ = {isa = PBXBuildFile; fileRef = 4D9B70E32EEEF5D600ED4280 /* NoteRowView.swift */; };
		4D9B70E62EEEF60300ED4280 /* File.swift in Sources */ = {isa = PBXBuildFile; fileRef = 4D9B70E52EEEF60300ED4280 /* File.swift */; };
		4DBADA402EECD50E000C656B /* EditTaskView.swift in Sources */ = {isa = PBXBuildFile; fileRef = 4DBADA3F2EECD50E000C656B /* EditTaskView.swift */; };
		4DBD02FE2EECBBA400358681 /* Task.swift in Sources */ = {isa = PBXBuildFile; fileRef = 4DBD02FD2EECBBA400358681 /* Task.swift */; };
		4DBD03002EECBBC700358681 /* Category.swift in Sources */ = {isa = PBXBuildFile; fileRef = 4DBD02FF2EECBBC700358681 /* Category.swift */; };
		4DBD03022EECBBD800358681 /* Note.swift in Sources */ = {isa = PBXBuildFile; fileRef = 4DBD03012EECBBD800358681 /* Note.swift */; };
		4DBD03042EECBBF600358681 /* PomodoroSession.swift in Sources */ = {isa = PBXBuildFile; fileRef = 4DBD03032EECBBF600358681 /* PomodoroSession.swift */; };
		4DBD03062EECC12500358681 /* TaskCategory.swift in Sources */ = {isa = PBXBuildFile; fileRef = 4DBD03052EECC12500358681 /* TaskCategory.swift */; };
		4DBD030C2EECC1F800358681 /* TaskViewModel.swift in Sources */ = {isa = PBXBuildFile; fileRef = 4DBD030B2EECC1F800358681 /* TaskViewModel.swift */; };
		4DBD030E2EECC33000358681 /* TaskListView.swift in Sources */ = {isa = PBXBuildFile; fileRef = 4DBD030D2EECC33000358681 /* TaskListView.swift */; };
		4DBD03102EECC38D00358681 /* CategoryFilterView.swift in Sources */ = {isa = PBXBuildFile; fileRef = 4DBD030F2EECC38D00358681 /* CategoryFilterView.swift */; };
		4DBD03122EECC3D200358681 /* CategoryChip.swift in Sources */ = {isa = PBXBuildFile; fileRef = 4DBD03112EECC3D200358681 /* CategoryChip.swift */; };
		4DBD03142EECC41600358681 /* TaskRowView.swift in Sources */ = {isa = PBXBuildFile; fileRef = 4DBD03132EECC41600358681 /* TaskRowView.swift */; };
		4DBD03162EECC45B00358681 /* EmptyStateView.swift in Sources */ = {isa = PBXBuildFile; fileRef = 4DBD03152EECC45B00358681 /* EmptyStateView.swift */; };
		4DBD03182EECC49900358681 /* AddTaskView.swift in Sources */ = {isa = PBXBuildFile; fileRef = 4DBD03172EECC49900358681 /* AddTaskView.swift */; };
		4DBD031A2EECC4FD00358681 /* CategoryButton.swift in Sources */ = {isa = PBXBuildFile; fileRef = 4DBD03192EECC4FD00358681 /* CategoryButton.swift */; };
		4DBD47B12EEDCE9D00652DCD /* CategoryManagementView.swift in Sources */ = {isa = PBXBuildFile; fileRef = 4DBD47B02EEDCE9D00652DCD /* CategoryManagementView.swift */; };
		4DBD47B32EEDCEE900652DCD /* CategoryManagementRow.swift in Sources */ = {isa = PBXBuildFile; fileRef = 4DBD47B22EEDCEE900652DCD /* CategoryManagementRow.swift */; };
		4DBD47B52EEDCF2A00652DCD /* AddCategoryView.swift in Sources */ = {isa = PBXBuildFile; fileRef = 4DBD47B42EEDCF2A00652DCD /* AddCategoryView.swift */; };
		4DBD47B72EEDCF9B00652DCD /* EditCategoryView.swift in Sources */ = {isa = PBXBuildFile; fileRef = 4DBD47B62EEDCF9B00652DCD /* EditCategoryView.swift */; };
		4DBD47B92EEDD03E00652DCD /* ColorCircle.swift in Sources */ = {isa = PBXBuildFile; fileRef = 4DBD47B82EEDD03E00652DCD /* ColorCircle.swift */; };
		4DBD47BB2EEDD08B00652DCD /* IconButton.swift in Sources */ = {isa = PBXBuildFile; fileRef = 4DBD47BA2EEDD08B00652DCD /* IconButton.swift */; };
		4DC057472EECB6D40042ACB2 /* FocusFlowApp.swift in Sources */ = {isa = PBXBuildFile; fileRef = 4DC057462EECB6D40042ACB2 /* FocusFlowApp.swift */; };
		4DC057492EECB6D40042ACB2 /* ContentView.swift in Sources */ = {isa = PBXBuildFile; fileRef = 4DC057482EECB6D40042ACB2 /* ContentView.swift */; };
		4DC0574B2EECB6D50042ACB2 /* Assets.xcassets in Resources */ = {isa = PBXBuildFile; fileRef = 4DC0574A2EECB6D50042ACB2 /* Assets.xcassets */; };
		4DC0574E2EECB6D50042ACB2 /* Preview Assets.xcassets in Resources */ = {isa = PBXBuildFile; fileRef = 4DC0574D2EECB6D50042ACB2 /* Preview Assets.xcassets */; };
		4DC057582EECB6D50042ACB2 /* FocusFlowTests.swift in Sources */ = {isa = PBXBuildFile; fileRef = 4DC057572EECB6D50042ACB2 /* FocusFlowTests.swift */; };
		4DC057622EECB6D50042ACB2 /* FocusFlowUITests.swift in Sources */ = {isa = PBXBuildFile; fileRef = 4DC057612EECB6D50042ACB2 /* FocusFlowUITests.swift */; };
		4DC057642EECB6D50042ACB2 /* FocusFlowUITestsLaunchTests.swift in Sources */ = {isa = PBXBuildFile; fileRef = 4DC057632EECB6D50042ACB2 /* FocusFlowUITestsLaunchTests.swift */; };
/* End PBXBuildFile section */

/* Begin PBXContainerItemProxy section */
		4DC057542EECB6D50042ACB2 /* PBXContainerItemProxy */ = {
			isa = PBXContainerItemProxy;
			containerPortal = 4DC0573B2EECB6D40042ACB2 /* Project object */;
			proxyType = 1;
			remoteGlobalIDString = 4DC057422EECB6D40042ACB2;
			remoteInfo = FocusFlow;
		};
		4DC0575E2EECB6D50042ACB2 /* PBXContainerItemProxy */ = {
			isa = PBXContainerItemProxy;
			containerPortal = 4DC0573B2EECB6D40042ACB2 /* Project object */;
			proxyType = 1;
			remoteGlobalIDString = 4DC057422EECB6D40042ACB2;
			remoteInfo = FocusFlow;
		};
/* End PBXContainerItemProxy section */

/* Begin PBXFileReference section */
		4D8F1A012EEE1255000B36CF /* PomodoroViewModel.swift */ = {isa = PBXFileReference; lastKnownFileType = sourcecode.swift; path = PomodoroViewModel.swift; sourceTree = "<group>"; };
		4D8F1A032EEE172B000B36CF /* PomodoroView.swift */ = {isa = PBXFileReference; lastKnownFileType = sourcecode.swift; path = PomodoroView.swift; sourceTree = "<group>"; };
		4D8F1A052EEE1981000B36CF /* PomodoroSettingsView.swift */ = {isa = PBXFileReference; lastKnownFileType = sourcecode.swift; path = PomodoroSettingsView.swift; sourceTree = "<group>"; };
		4D9B70D72EEEE3CE00ED4280 /* NoteFolder.swift */ = {isa = PBXFileReference; lastKnownFileType = sourcecode.swift; path = NoteFolder.swift; sourceTree = "<group>"; };
		4D9B70D92EEEE68C00ED4280 /* NoteViewModel.swift */ = {isa = PBXFileReference; lastKnownFileType = sourcecode.swift; path = NoteViewModel.swift; sourceTree = "<group>"; };
		4D9B70DB2EEEF4EA00ED4280 /* NotesView.swift */ = {isa = PBXFileReference; lastKnownFileType = sourcecode.swift; path = NotesView.swift; sourceTree = "<group>"; };
		4D9B70DD2EEEF53B00ED4280 /* SearchBar.swift */ = {isa = PBXFileReference; lastKnownFileType = sourcecode.swift; path = SearchBar.swift; sourceTree = "<group>"; };
		4D9B70DF2EEEF56000ED4280 /* FolderScrollView.swift */ = {isa = PBXFileReference; lastKnownFileType = sourcecode.swift; path = FolderScrollView.swift; sourceTree = "<group>"; };
		4D9B70E12EEEF59100ED4280 /* FolderChip.swift */ = {isa = PBXFileReference; lastKnownFileType = sourcecode.swift; path = FolderChip.swift; sourceTree = "<group>"; };
		4D9B70E32EEEF5D600ED4280 /* NoteRowView.swift */ = {isa = PBXFileReference; lastKnownFileType = sourcecode.swift; path = NoteRowView.swift; sourceTree = "<group>"; };
		4D9B70E52EEEF60300ED4280 /* File.swift */ = {isa = PBXFileReference; lastKnownFileType = sourcecode.swift; path = File.swift; sourceTree = "<group>"; };
		4DBADA3F2EECD50E000C656B /* EditTaskView.swift */ = {isa = PBXFileReference; lastKnownFileType = sourcecode.swift; path = EditTaskView.swift; sourceTree = "<group>"; };
		4DBD02FD2EECBBA400358681 /* Task.swift */ = {isa = PBXFileReference; lastKnownFileType = sourcecode.swift; path = Task.swift; sourceTree = "<group>"; };
		4DBD02FF2EECBBC700358681 /* Category.swift */ = {isa = PBXFileReference; lastKnownFileType = sourcecode.swift; path = Category.swift; sourceTree = "<group>"; };
		4DBD03012EECBBD800358681 /* Note.swift */ = {isa = PBXFileReference; lastKnownFileType = sourcecode.swift; path = Note.swift; sourceTree = "<group>"; };
		4DBD03032EECBBF600358681 /* PomodoroSession.swift */ = {isa = PBXFileReference; lastKnownFileType = sourcecode.swift; path = PomodoroSession.swift; sourceTree = "<group>"; };
		4DBD03052EECC12500358681 /* TaskCategory.swift */ = {isa = PBXFileReference; lastKnownFileType = sourcecode.swift; path = TaskCategory.swift; sourceTree = "<group>"; };
		4DBD030B2EECC1F800358681 /* TaskViewModel.swift */ = {isa = PBXFileReference; lastKnownFileType = sourcecode.swift; path = TaskViewModel.swift; sourceTree = "<group>"; };
		4DBD030D2EECC33000358681 /* TaskListView.swift */ = {isa = PBXFileReference; lastKnownFileType = sourcecode.swift; path = TaskListView.swift; sourceTree = "<group>"; };
		4DBD030F2EECC38D00358681 /* CategoryFilterView.swift */ = {isa = PBXFileReference; lastKnownFileType = sourcecode.swift; path = CategoryFilterView.swift; sourceTree = "<group>"; };
		4DBD03112EECC3D200358681 /* CategoryChip.swift */ = {isa = PBXFileReference; lastKnownFileType = sourcecode.swift; path = CategoryChip.swift; sourceTree = "<group>"; };
		4DBD03132EECC41600358681 /* TaskRowView.swift */ = {isa = PBXFileReference; lastKnownFileType = sourcecode.swift; path = TaskRowView.swift; sourceTree = "<group>"; };
		4DBD03152EECC45B00358681 /* EmptyStateView.swift */ = {isa = PBXFileReference; lastKnownFileType = sourcecode.swift; path = EmptyStateView.swift; sourceTree = "<group>"; };
		4DBD03172EECC49900358681 /* AddTaskView.swift */ = {isa = PBXFileReference; lastKnownFileType = sourcecode.swift; path = AddTaskView.swift; sourceTree = "<group>"; };
		4DBD03192EECC4FD00358681 /* CategoryButton.swift */ = {isa = PBXFileReference; lastKnownFileType = sourcecode.swift; path = CategoryButton.swift; sourceTree = "<group>"; };
		4DBD47B02EEDCE9D00652DCD /* CategoryManagementView.swift */ = {isa = PBXFileReference; lastKnownFileType = sourcecode.swift; path = CategoryManagementView.swift; sourceTree = "<group>"; };
		4DBD47B22EEDCEE900652DCD /* CategoryManagementRow.swift */ = {isa = PBXFileReference; lastKnownFileType = sourcecode.swift; path = CategoryManagementRow.swift; sourceTree = "<group>"; };
		4DBD47B42EEDCF2A00652DCD /* AddCategoryView.swift */ = {isa = PBXFileReference; lastKnownFileType = sourcecode.swift; path = AddCategoryView.swift; sourceTree = "<group>"; };
		4DBD47B62EEDCF9B00652DCD /* EditCategoryView.swift */ = {isa = PBXFileReference; lastKnownFileType = sourcecode.swift; path = EditCategoryView.swift; sourceTree = "<group>"; };
		4DBD47B82EEDD03E00652DCD /* ColorCircle.swift */ = {isa = PBXFileReference; lastKnownFileType = sourcecode.swift; path = ColorCircle.swift; sourceTree = "<group>"; };
		4DBD47BA2EEDD08B00652DCD /* IconButton.swift */ = {isa = PBXFileReference; lastKnownFileType = sourcecode.swift; path = IconButton.swift; sourceTree = "<group>"; };
		4DC057432EECB6D40042ACB2 /* FocusFlow.app */ = {isa = PBXFileReference; explicitFileType = wrapper.application; includeInIndex = 0; path = FocusFlow.app; sourceTree = BUILT_PRODUCTS_DIR; };
		4DC057462EECB6D40042ACB2 /* FocusFlowApp.swift */ = {isa = PBXFileReference; lastKnownFileType = sourcecode.swift; path = FocusFlowApp.swift; sourceTree = "<group>"; };
		4DC057482EECB6D40042ACB2 /* ContentView.swift */ = {isa = PBXFileReference; lastKnownFileType = sourcecode.swift; path = ContentView.swift; sourceTree = "<group>"; };
		4DC0574A2EECB6D50042ACB2 /* Assets.xcassets */ = {isa = PBXFileReference; lastKnownFileType = folder.assetcatalog; path = Assets.xcassets; sourceTree = "<group>"; };
		4DC0574D2EECB6D50042ACB2 /* Preview Assets.xcassets */ = {isa = PBXFileReference; lastKnownFileType = folder.assetcatalog; path = "Preview Assets.xcassets"; sourceTree = "<group>"; };
		4DC057532EECB6D50042ACB2 /* FocusFlowTests.xctest */ = {isa = PBXFileReference; explicitFileType = wrapper.cfbundle; includeInIndex = 0; path = FocusFlowTests.xctest; sourceTree = BUILT_PRODUCTS_DIR; };
		4DC057572EECB6D50042ACB2 /* FocusFlowTests.swift */ = {isa = PBXFileReference; lastKnownFileType = sourcecode.swift; path = FocusFlowTests.swift; sourceTree = "<group>"; };
		4DC0575D2EECB6D50042ACB2 /* FocusFlowUITests.xctest */ = {isa = PBXFileReference; explicitFileType = wrapper.cfbundle; includeInIndex = 0; path = FocusFlowUITests.xctest; sourceTree = BUILT_PRODUCTS_DIR; };
		4DC057612EECB6D50042ACB2 /* FocusFlowUITests.swift */ = {isa = PBXFileReference; lastKnownFileType = sourcecode.swift; path = FocusFlowUITests.swift; sourceTree = "<group>"; };
		4DC057632EECB6D50042ACB2 /* FocusFlowUITestsLaunchTests.swift */ = {isa = PBXFileReference; lastKnownFileType = sourcecode.swift; path = FocusFlowUITestsLaunchTests.swift; sourceTree = "<group>"; };
/* End PBXFileReference section */

/* Begin PBXFrameworksBuildPhase section */
		4DC057402EECB6D40042ACB2 /* Frameworks */ = {
			isa = PBXFrameworksBuildPhase;
			buildActionMask = 2147483647;
			files = (
			);
			runOnlyForDeploymentPostprocessing = 0;
		};
		4DC057502EECB6D50042ACB2 /* Frameworks */ = {
			isa = PBXFrameworksBuildPhase;
			buildActionMask = 2147483647;
			files = (
			);
			runOnlyForDeploymentPostprocessing = 0;
		};
		4DC0575A2EECB6D50042ACB2 /* Frameworks */ = {
			isa = PBXFrameworksBuildPhase;
			buildActionMask = 2147483647;
			files = (
			);
			runOnlyForDeploymentPostprocessing = 0;
		};
/* End PBXFrameworksBuildPhase section */

/* Begin PBXGroup section */
		4DBD02FC2EECBB3000358681 /* Models */ = {
			isa = PBXGroup;
			children = (
				4DBD02FF2EECBBC700358681 /* Category.swift */,
				4DBD03012EECBBD800358681 /* Note.swift */,
				4DBD03032EECBBF600358681 /* PomodoroSession.swift */,
				4DBD02FD2EECBBA400358681 /* Task.swift */,
				4DBD03052EECC12500358681 /* TaskCategory.swift */,
				4D9B70D72EEEE3CE00ED4280 /* NoteFolder.swift */,
			);
			path = Models;
			sourceTree = "<group>";
		};
		4DBD03092EECC1C300358681 /* ViewModels */ = {
			isa = PBXGroup;
			children = (
				4D8F1A012EEE1255000B36CF /* PomodoroViewModel.swift */,
				4DBD030B2EECC1F800358681 /* TaskViewModel.swift */,
				4D9B70D92EEEE68C00ED4280 /* NoteViewModel.swift */,
			);
			path = ViewModels;
			sourceTree = "<group>";
		};
		4DBD030A2EECC1CD00358681 /* Views */ = {
			isa = PBXGroup;
			children = (
				4DBD47B42EEDCF2A00652DCD /* AddCategoryView.swift */,
				4DBD03172EECC49900358681 /* AddTaskView.swift */,
				4DBD03192EECC4FD00358681 /* CategoryButton.swift */,
				4DBD03112EECC3D200358681 /* CategoryChip.swift */,
				4DBD030F2EECC38D00358681 /* CategoryFilterView.swift */,
				4DBD47B22EEDCEE900652DCD /* CategoryManagementRow.swift */,
				4DBD47B02EEDCE9D00652DCD /* CategoryManagementView.swift */,
				4DBD47B82EEDD03E00652DCD /* ColorCircle.swift */,
				4DBD47B62EEDCF9B00652DCD /* EditCategoryView.swift */,
				4DBADA3F2EECD50E000C656B /* EditTaskView.swift */,
				4DBD03152EECC45B00358681 /* EmptyStateView.swift */,
				4DBD47BA2EEDD08B00652DCD /* IconButton.swift */,
				4D8F1A032EEE172B000B36CF /* PomodoroView.swift */,
				4DBD030D2EECC33000358681 /* TaskListView.swift */,
				4DBD03132EECC41600358681 /* TaskRowView.swift */,
				4D8F1A052EEE1981000B36CF /* PomodoroSettingsView.swift */,
				4D9B70DB2EEEF4EA00ED4280 /* NotesView.swift */,
				4D9B70DD2EEEF53B00ED4280 /* SearchBar.swift */,
				4D9B70DF2EEEF56000ED4280 /* FolderScrollView.swift */,
				4D9B70E12EEEF59100ED4280 /* FolderChip.swift */,
				4D9B70E32EEEF5D600ED4280 /* NoteRowView.swift */,
				4D9B70E52EEEF60300ED4280 /* File.swift */,
			);
			path = Views;
			sourceTree = "<group>";
		};
		4DC0573A2EECB6D40042ACB2 = {
			isa = PBXGroup;
			children = (
				4DC057452EECB6D40042ACB2 /* FocusFlow */,
				4DC057562EECB6D50042ACB2 /* FocusFlowTests */,
				4DC057602EECB6D50042ACB2 /* FocusFlowUITests */,
				4DC057442EECB6D40042ACB2 /* Products */,
			);
			sourceTree = "<group>";
		};
		4DC057442EECB6D40042ACB2 /* Products */ = {
			isa = PBXGroup;
			children = (
				4DC057432EECB6D40042ACB2 /* FocusFlow.app */,
				4DC057532EECB6D50042ACB2 /* FocusFlowTests.xctest */,
				4DC0575D2EECB6D50042ACB2 /* FocusFlowUITests.xctest */,
			);
			name = Products;
			sourceTree = "<group>";
		};
		4DC057452EECB6D40042ACB2 /* FocusFlow */ = {
			isa = PBXGroup;
			children = (
				4DC0574A2EECB6D50042ACB2 /* Assets.xcassets */,
				4DC057482EECB6D40042ACB2 /* ContentView.swift */,
				4DC057462EECB6D40042ACB2 /* FocusFlowApp.swift */,
				4DBD02FC2EECBB3000358681 /* Models */,
				4DC0574C2EECB6D50042ACB2 /* Preview Content */,
				4DBD03092EECC1C300358681 /* ViewModels */,
				4DBD030A2EECC1CD00358681 /* Views */,
			);
			path = FocusFlow;
			sourceTree = "<group>";
		};
		4DC0574C2EECB6D50042ACB2 /* Preview Content */ = {
			isa = PBXGroup;
			children = (
				4DC0574D2EECB6D50042ACB2 /* Preview Assets.xcassets */,
			);
			path = "Preview Content";
			sourceTree = "<group>";
		};
		4DC057562EECB6D50042ACB2 /* FocusFlowTests */ = {
			isa = PBXGroup;
			children = (
				4DC057572EECB6D50042ACB2 /* FocusFlowTests.swift */,
			);
			path = FocusFlowTests;
			sourceTree = "<group>";
		};
		4DC057602EECB6D50042ACB2 /* FocusFlowUITests */ = {
			isa = PBXGroup;
			children = (
				4DC057612EECB6D50042ACB2 /* FocusFlowUITests.swift */,
				4DC057632EECB6D50042ACB2 /* FocusFlowUITestsLaunchTests.swift */,
			);
			path = FocusFlowUITests;
			sourceTree = "<group>";
		};
/* End PBXGroup section */

/* Begin PBXNativeTarget section */
		4DC057422EECB6D40042ACB2 /* FocusFlow */ = {
			isa = PBXNativeTarget;
			buildConfigurationList = 4DC057672EECB6D50042ACB2 /* Build configuration list for PBXNativeTarget "FocusFlow" */;
			buildPhases = (
				4DC0573F2EECB6D40042ACB2 /* Sources */,
				4DC057402EECB6D40042ACB2 /* Frameworks */,
				4DC057412EECB6D40042ACB2 /* Resources */,
			);
			buildRules = (
			);
			dependencies = (
			);
			name = FocusFlow;
			productName = FocusFlow;
			productReference = 4DC057432EECB6D40042ACB2 /* FocusFlow.app */;
			productType = "com.apple.product-type.application";
		};
		4DC057522EECB6D50042ACB2 /* FocusFlowTests */ = {
			isa = PBXNativeTarget;
			buildConfigurationList = 4DC0576A2EECB6D50042ACB2 /* Build configuration list for PBXNativeTarget "FocusFlowTests" */;
			buildPhases = (
				4DC0574F2EECB6D50042ACB2 /* Sources */,
				4DC057502EECB6D50042ACB2 /* Frameworks */,
				4DC057512EECB6D50042ACB2 /* Resources */,
			);
			buildRules = (
			);
			dependencies = (
				4DC057552EECB6D50042ACB2 /* PBXTargetDependency */,
			);
			name = FocusFlowTests;
			productName = FocusFlowTests;
			productReference = 4DC057532EECB6D50042ACB2 /* FocusFlowTests.xctest */;
			productType = "com.apple.product-type.bundle.unit-test";
		};
		4DC0575C2EECB6D50042ACB2 /* FocusFlowUITests */ = {
			isa = PBXNativeTarget;
			buildConfigurationList = 4DC0576D2EECB6D50042ACB2 /* Build configuration list for PBXNativeTarget "FocusFlowUITests" */;
			buildPhases = (
				4DC057592EECB6D50042ACB2 /* Sources */,
				4DC0575A2EECB6D50042ACB2 /* Frameworks */,
				4DC0575B2EECB6D50042ACB2 /* Resources */,
			);
			buildRules = (
			);
			dependencies = (
				4DC0575F2EECB6D50042ACB2 /* PBXTargetDependency */,
			);
			name = FocusFlowUITests;
			productName = FocusFlowUITests;
			productReference = 4DC0575D2EECB6D50042ACB2 /* FocusFlowUITests.xctest */;
			productType = "com.apple.product-type.bundle.ui-testing";
		};
/* End PBXNativeTarget section */

/* Begin PBXProject section */
		4DC0573B2EECB6D40042ACB2 /* Project object */ = {
			isa = PBXProject;
			attributes = {
				BuildIndependentTargetsInParallel = 1;
				LastSwiftUpdateCheck = 1420;
				LastUpgradeCheck = 1420;
				TargetAttributes = {
					4DC057422EECB6D40042ACB2 = {
						CreatedOnToolsVersion = 14.2;
					};
					4DC057522EECB6D50042ACB2 = {
						CreatedOnToolsVersion = 14.2;
						TestTargetID = 4DC057422EECB6D40042ACB2;
					};
					4DC0575C2EECB6D50042ACB2 = {
						CreatedOnToolsVersion = 14.2;
						TestTargetID = 4DC057422EECB6D40042ACB2;
					};
				};
			};
			buildConfigurationList = 4DC0573E2EECB6D40042ACB2 /* Build configuration list for PBXProject "FocusFlow" */;
			compatibilityVersion = "Xcode 14.0";
			developmentRegion = en;
			hasScannedForEncodings = 0;
			knownRegions = (
				en,
				Base,
			);
			mainGroup = 4DC0573A2EECB6D40042ACB2;
			productRefGroup = 4DC057442EECB6D40042ACB2 /* Products */;
			projectDirPath = "";
			projectRoot = "";
			targets = (
				4DC057422EECB6D40042ACB2 /* FocusFlow */,
				4DC057522EECB6D50042ACB2 /* FocusFlowTests */,
				4DC0575C2EECB6D50042ACB2 /* FocusFlowUITests */,
			);
		};
/* End PBXProject section */

/* Begin PBXResourcesBuildPhase section */
		4DC057412EECB6D40042ACB2 /* Resources */ = {
			isa = PBXResourcesBuildPhase;
			buildActionMask = 2147483647;
			files = (
				4DC0574E2EECB6D50042ACB2 /* Preview Assets.xcassets in Resources */,
				4DC0574B2EECB6D50042ACB2 /* Assets.xcassets in Resources */,
			);
			runOnlyForDeploymentPostprocessing = 0;
		};
		4DC057512EECB6D50042ACB2 /* Resources */ = {
			isa = PBXResourcesBuildPhase;
			buildActionMask = 2147483647;
			files = (
			);
			runOnlyForDeploymentPostprocessing = 0;
		};
		4DC0575B2EECB6D50042ACB2 /* Resources */ = {
			isa = PBXResourcesBuildPhase;
			buildActionMask = 2147483647;
			files = (
			);
			runOnlyForDeploymentPostprocessing = 0;
		};
/* End PBXResourcesBuildPhase section */

/* Begin PBXSourcesBuildPhase section */
		4DC0573F2EECB6D40042ACB2 /* Sources */ = {
			isa = PBXSourcesBuildPhase;
			buildActionMask = 2147483647;
			files = (
				4DBD03022EECBBD800358681 /* Note.swift in Sources */,
				4DBADA402EECD50E000C656B /* EditTaskView.swift in Sources */,
				4DBD03182EECC49900358681 /* AddTaskView.swift in Sources */,
				4DBD47B12EEDCE9D00652DCD /* CategoryManagementView.swift in Sources */,
				4DBD03042EECBBF600358681 /* PomodoroSession.swift in Sources */,
				4DBD47B52EEDCF2A00652DCD /* AddCategoryView.swift in Sources */,
				4D8F1A022EEE1255000B36CF /* PomodoroViewModel.swift in Sources */,
				4DBD03102EECC38D00358681 /* CategoryFilterView.swift in Sources */,
				4DBD030E2EECC33000358681 /* TaskListView.swift in Sources */,
				4DBD47BB2EEDD08B00652DCD /* IconButton.swift in Sources */,
				4DBD03062EECC12500358681 /* TaskCategory.swift in Sources */,
				4D8F1A062EEE1981000B36CF /* PomodoroSettingsView.swift in Sources */,
				4DBD031A2EECC4FD00358681 /* CategoryButton.swift in Sources */,
				4D9B70E22EEEF59100ED4280 /* FolderChip.swift in Sources */,
				4DBD03162EECC45B00358681 /* EmptyStateView.swift in Sources */,
				4D9B70DC2EEEF4EA00ED4280 /* NotesView.swift in Sources */,
				4DC057492EECB6D40042ACB2 /* ContentView.swift in Sources */,
				4DBD02FE2EECBBA400358681 /* Task.swift in Sources */,
				4D8F1A042EEE172B000B36CF /* PomodoroView.swift in Sources */,
				4D9B70DE2EEEF53B00ED4280 /* SearchBar.swift in Sources */,
				4D9B70E02EEEF56000ED4280 /* FolderScrollView.swift in Sources */,
				4D9B70E42EEEF5D600ED4280 /* NoteRowView.swift in Sources */,
				4DBD03122EECC3D200358681 /* CategoryChip.swift in Sources */,
				4DBD47B92EEDD03E00652DCD /* ColorCircle.swift in Sources */,
				4DBD030C2EECC1F800358681 /* TaskViewModel.swift in Sources */,
				4D9B70DA2EEEE68C00ED4280 /* NoteViewModel.swift in Sources */,
				4DC057472EECB6D40042ACB2 /* FocusFlowApp.swift in Sources */,
				4D9B70D82EEEE3CE00ED4280 /* NoteFolder.swift in Sources */,
				4DBD47B72EEDCF9B00652DCD /* EditCategoryView.swift in Sources */,
				4DBD03142EECC41600358681 /* TaskRowView.swift in Sources */,
				4DBD03002EECBBC700358681 /* Category.swift in Sources */,
				4D9B70E62EEEF60300ED4280 /* File.swift in Sources */,
				4DBD47B32EEDCEE900652DCD /* CategoryManagementRow.swift in Sources */,
			);
			runOnlyForDeploymentPostprocessing = 0;
		};
		4DC0574F2EECB6D50042ACB2 /* Sources */ = {
			isa = PBXSourcesBuildPhase;
			buildActionMask = 2147483647;
			files = (
				4DC057582EECB6D50042ACB2 /* FocusFlowTests.swift in Sources */,
			);
			runOnlyForDeploymentPostprocessing = 0;
		};
		4DC057592EECB6D50042ACB2 /* Sources */ = {
			isa = PBXSourcesBuildPhase;
			buildActionMask = 2147483647;
			files = (
				4DC057622EECB6D50042ACB2 /* FocusFlowUITests.swift in Sources */,
				4DC057642EECB6D50042ACB2 /* FocusFlowUITestsLaunchTests.swift in Sources */,
			);
			runOnlyForDeploymentPostprocessing = 0;
		};
/* End PBXSourcesBuildPhase section */

/* Begin PBXTargetDependency section */
		4DC057552EECB6D50042ACB2 /* PBXTargetDependency */ = {
			isa = PBXTargetDependency;
			target = 4DC057422EECB6D40042ACB2 /* FocusFlow */;
			targetProxy = 4DC057542EECB6D50042ACB2 /* PBXContainerItemProxy */;
		};
		4DC0575F2EECB6D50042ACB2 /* PBXTargetDependency */ = {
			isa = PBXTargetDependency;
			target = 4DC057422EECB6D40042ACB2 /* FocusFlow */;
			targetProxy = 4DC0575E2EECB6D50042ACB2 /* PBXContainerItemProxy */;
		};
/* End PBXTargetDependency section */

/* Begin XCBuildConfiguration section */
		4DC057652EECB6D50042ACB2 /* Debug */ = {
			isa = XCBuildConfiguration;
			buildSettings = {
				ALWAYS_SEARCH_USER_PATHS = NO;
				CLANG_ANALYZER_NONNULL = YES;
				CLANG_ANALYZER_NUMBER_OBJECT_CONVERSION = YES_AGGRESSIVE;
				CLANG_CXX_LANGUAGE_STANDARD = "gnu++20";
				CLANG_ENABLE_MODULES = YES;
				CLANG_ENABLE_OBJC_ARC = YES;
				CLANG_ENABLE_OBJC_WEAK = YES;
				CLANG_WARN_BLOCK_CAPTURE_AUTORELEASING = YES;
				CLANG_WARN_BOOL_CONVERSION = YES;
				CLANG_WARN_COMMA = YES;
				CLANG_WARN_CONSTANT_CONVERSION = YES;
				CLANG_WARN_DEPRECATED_OBJC_IMPLEMENTATIONS = YES;
				CLANG_WARN_DIRECT_OBJC_ISA_USAGE = YES_ERROR;
				CLANG_WARN_DOCUMENTATION_COMMENTS = YES;
				CLANG_WARN_EMPTY_BODY = YES;
				CLANG_WARN_ENUM_CONVERSION = YES;
				CLANG_WARN_INFINITE_RECURSION = YES;
				CLANG_WARN_INT_CONVERSION = YES;
				CLANG_WARN_NON_LITERAL_NULL_CONVERSION = YES;
				CLANG_WARN_OBJC_IMPLICIT_RETAIN_SELF = YES;
				CLANG_WARN_OBJC_LITERAL_CONVERSION = YES;
				CLANG_WARN_OBJC_ROOT_CLASS = YES_ERROR;
				CLANG_WARN_QUOTED_INCLUDE_IN_FRAMEWORK_HEADER = YES;
				CLANG_WARN_RANGE_LOOP_ANALYSIS = YES;
				CLANG_WARN_STRICT_PROTOTYPES = YES;
				CLANG_WARN_SUSPICIOUS_MOVE = YES;
				CLANG_WARN_UNGUARDED_AVAILABILITY = YES_AGGRESSIVE;
				CLANG_WARN_UNREACHABLE_CODE = YES;
				CLANG_WARN__DUPLICATE_METHOD_MATCH = YES;
				COPY_PHASE_STRIP = NO;
				DEBUG_INFORMATION_FORMAT = dwarf;
				ENABLE_STRICT_OBJC_MSGSEND = YES;
				ENABLE_TESTABILITY = YES;
				GCC_C_LANGUAGE_STANDARD = gnu11;
				GCC_DYNAMIC_NO_PIC = NO;
				GCC_NO_COMMON_BLOCKS = YES;
				GCC_OPTIMIZATION_LEVEL = 0;
				GCC_PREPROCESSOR_DEFINITIONS = (
					"DEBUG=1",
					"$(inherited)",
				);
				GCC_WARN_64_TO_32_BIT_CONVERSION = YES;
				GCC_WARN_ABOUT_RETURN_TYPE = YES_ERROR;
				GCC_WARN_UNDECLARED_SELECTOR = YES;
				GCC_WARN_UNINITIALIZED_AUTOS = YES_AGGRESSIVE;
				GCC_WARN_UNUSED_FUNCTION = YES;
				GCC_WARN_UNUSED_VARIABLE = YES;
				IPHONEOS_DEPLOYMENT_TARGET = 16.2;
				MTL_ENABLE_DEBUG_INFO = INCLUDE_SOURCE;
				MTL_FAST_MATH = YES;
				ONLY_ACTIVE_ARCH = YES;
				SDKROOT = iphoneos;
				SWIFT_ACTIVE_COMPILATION_CONDITIONS = DEBUG;
				SWIFT_OPTIMIZATION_LEVEL = "-Onone";
			};
			name = Debug;
		};
		4DC057662EECB6D50042ACB2 /* Release */ = {
			isa = XCBuildConfiguration;
			buildSettings = {
				ALWAYS_SEARCH_USER_PATHS = NO;
				CLANG_ANALYZER_NONNULL = YES;
				CLANG_ANALYZER_NUMBER_OBJECT_CONVERSION = YES_AGGRESSIVE;
				CLANG_CXX_LANGUAGE_STANDARD = "gnu++20";
				CLANG_ENABLE_MODULES = YES;
				CLANG_ENABLE_OBJC_ARC = YES;
				CLANG_ENABLE_OBJC_WEAK = YES;
				CLANG_WARN_BLOCK_CAPTURE_AUTORELEASING = YES;
				CLANG_WARN_BOOL_CONVERSION = YES;
				CLANG_WARN_COMMA = YES;
				CLANG_WARN_CONSTANT_CONVERSION = YES;
				CLANG_WARN_DEPRECATED_OBJC_IMPLEMENTATIONS = YES;
				CLANG_WARN_DIRECT_OBJC_ISA_USAGE = YES_ERROR;
				CLANG_WARN_DOCUMENTATION_COMMENTS = YES;
				CLANG_WARN_EMPTY_BODY = YES;
				CLANG_WARN_ENUM_CONVERSION = YES;
				CLANG_WARN_INFINITE_RECURSION = YES;
				CLANG_WARN_INT_CONVERSION = YES;
				CLANG_WARN_NON_LITERAL_NULL_CONVERSION = YES;
				CLANG_WARN_OBJC_IMPLICIT_RETAIN_SELF = YES;
				CLANG_WARN_OBJC_LITERAL_CONVERSION = YES;
				CLANG_WARN_OBJC_ROOT_CLASS = YES_ERROR;
				CLANG_WARN_QUOTED_INCLUDE_IN_FRAMEWORK_HEADER = YES;
				CLANG_WARN_RANGE_LOOP_ANALYSIS = YES;
				CLANG_WARN_STRICT_PROTOTYPES = YES;
				CLANG_WARN_SUSPICIOUS_MOVE = YES;
				CLANG_WARN_UNGUARDED_AVAILABILITY = YES_AGGRESSIVE;
				CLANG_WARN_UNREACHABLE_CODE = YES;
				CLANG_WARN__DUPLICATE_METHOD_MATCH = YES;
				COPY_PHASE_STRIP = NO;
				DEBUG_INFORMATION_FORMAT = "dwarf-with-dsym";
				ENABLE_NS_ASSERTIONS = NO;
				ENABLE_STRICT_OBJC_MSGSEND = YES;
				GCC_C_LANGUAGE_STANDARD = gnu11;
				GCC_NO_COMMON_BLOCKS = YES;
				GCC_WARN_64_TO_32_BIT_CONVERSION = YES;
				GCC_WARN_ABOUT_RETURN_TYPE = YES_ERROR;
				GCC_WARN_UNDECLARED_SELECTOR = YES;
				GCC_WARN_UNINITIALIZED_AUTOS = YES_AGGRESSIVE;
				GCC_WARN_UNUSED_FUNCTION = YES;
				GCC_WARN_UNUSED_VARIABLE = YES;
				IPHONEOS_DEPLOYMENT_TARGET = 16.2;
				MTL_ENABLE_DEBUG_INFO = NO;
				MTL_FAST_MATH = YES;
				SDKROOT = iphoneos;
				SWIFT_COMPILATION_MODE = wholemodule;
				SWIFT_OPTIMIZATION_LEVEL = "-O";
				VALIDATE_PRODUCT = YES;
			};
			name = Release;
		};
		4DC057682EECB6D50042ACB2 /* Debug */ = {
			isa = XCBuildConfiguration;
			buildSettings = {
				ASSETCATALOG_COMPILER_APPICON_NAME = AppIcon;
				ASSETCATALOG_COMPILER_GLOBAL_ACCENT_COLOR_NAME = AccentColor;
				CODE_SIGN_STYLE = Automatic;
				CURRENT_PROJECT_VERSION = 1;
				DEVELOPMENT_ASSET_PATHS = "\"FocusFlow/Preview Content\"";
				ENABLE_PREVIEWS = YES;
				GENERATE_INFOPLIST_FILE = YES;
				INFOPLIST_KEY_UIApplicationSceneManifest_Generation = YES;
				INFOPLIST_KEY_UIApplicationSupportsIndirectInputEvents = YES;
				INFOPLIST_KEY_UILaunchScreen_Generation = YES;
				INFOPLIST_KEY_UISupportedInterfaceOrientations_iPad = "UIInterfaceOrientationPortrait UIInterfaceOrientationPortraitUpsideDown UIInterfaceOrientationLandscapeLeft UIInterfaceOrientationLandscapeRight";
				INFOPLIST_KEY_UISupportedInterfaceOrientations_iPhone = "UIInterfaceOrientationPortrait UIInterfaceOrientationLandscapeLeft UIInterfaceOrientationLandscapeRight";
				LD_RUNPATH_SEARCH_PATHS = (
					"$(inherited)",
					"@executable_path/Frameworks",
				);
				MARKETING_VERSION = 1.0;
				PRODUCT_BUNDLE_IDENTIFIER = abc.FocusFlow;
				PRODUCT_NAME = "$(TARGET_NAME)";
				SWIFT_EMIT_LOC_STRINGS = YES;
				SWIFT_VERSION = 5.0;
				TARGETED_DEVICE_FAMILY = "1,2";
			};
			name = Debug;
		};
		4DC057692EECB6D50042ACB2 /* Release */ = {
			isa = XCBuildConfiguration;
			buildSettings = {
				ASSETCATALOG_COMPILER_APPICON_NAME = AppIcon;
				ASSETCATALOG_COMPILER_GLOBAL_ACCENT_COLOR_NAME = AccentColor;
				CODE_SIGN_STYLE = Automatic;
				CURRENT_PROJECT_VERSION = 1;
				DEVELOPMENT_ASSET_PATHS = "\"FocusFlow/Preview Content\"";
				ENABLE_PREVIEWS = YES;
				GENERATE_INFOPLIST_FILE = YES;
				INFOPLIST_KEY_UIApplicationSceneManifest_Generation = YES;
				INFOPLIST_KEY_UIApplicationSupportsIndirectInputEvents = YES;
				INFOPLIST_KEY_UILaunchScreen_Generation = YES;
				INFOPLIST_KEY_UISupportedInterfaceOrientations_iPad = "UIInterfaceOrientationPortrait UIInterfaceOrientationPortraitUpsideDown UIInterfaceOrientationLandscapeLeft UIInterfaceOrientationLandscapeRight";
				INFOPLIST_KEY_UISupportedInterfaceOrientations_iPhone = "UIInterfaceOrientationPortrait UIInterfaceOrientationLandscapeLeft UIInterfaceOrientationLandscapeRight";
				LD_RUNPATH_SEARCH_PATHS = (
					"$(inherited)",
					"@executable_path/Frameworks",
				);
				MARKETING_VERSION = 1.0;
				PRODUCT_BUNDLE_IDENTIFIER = abc.FocusFlow;
				PRODUCT_NAME = "$(TARGET_NAME)";
				SWIFT_EMIT_LOC_STRINGS = YES;
				SWIFT_VERSION = 5.0;
				TARGETED_DEVICE_FAMILY = "1,2";
			};
			name = Release;
		};
		4DC0576B2EECB6D50042ACB2 /* Debug */ = {
			isa = XCBuildConfiguration;
			buildSettings = {
				ALWAYS_EMBED_SWIFT_STANDARD_LIBRARIES = YES;
				BUNDLE_LOADER = "$(TEST_HOST)";
				CODE_SIGN_STYLE = Automatic;
				CURRENT_PROJECT_VERSION = 1;
				GENERATE_INFOPLIST_FILE = YES;
				IPHONEOS_DEPLOYMENT_TARGET = 16.2;
				MARKETING_VERSION = 1.0;
				PRODUCT_BUNDLE_IDENTIFIER = abc.FocusFlowTests;
				PRODUCT_NAME = "$(TARGET_NAME)";
				SWIFT_EMIT_LOC_STRINGS = NO;
				SWIFT_VERSION = 5.0;
				TARGETED_DEVICE_FAMILY = "1,2";
				TEST_HOST = "$(BUILT_PRODUCTS_DIR)/FocusFlow.app/$(BUNDLE_EXECUTABLE_FOLDER_PATH)/FocusFlow";
			};
			name = Debug;
		};
		4DC0576C2EECB6D50042ACB2 /* Release */ = {
			isa = XCBuildConfiguration;
			buildSettings = {
				ALWAYS_EMBED_SWIFT_STANDARD_LIBRARIES = YES;
				BUNDLE_LOADER = "$(TEST_HOST)";
				CODE_SIGN_STYLE = Automatic;
				CURRENT_PROJECT_VERSION = 1;
				GENERATE_INFOPLIST_FILE = YES;
				IPHONEOS_DEPLOYMENT_TARGET = 16.2;
				MARKETING_VERSION = 1.0;
				PRODUCT_BUNDLE_IDENTIFIER = abc.FocusFlowTests;
				PRODUCT_NAME = "$(TARGET_NAME)";
				SWIFT_EMIT_LOC_STRINGS = NO;
				SWIFT_VERSION = 5.0;
				TARGETED_DEVICE_FAMILY = "1,2";
				TEST_HOST = "$(BUILT_PRODUCTS_DIR)/FocusFlow.app/$(BUNDLE_EXECUTABLE_FOLDER_PATH)/FocusFlow";
			};
			name = Release;
		};
		4DC0576E2EECB6D50042ACB2 /* Debug */ = {
			isa = XCBuildConfiguration;
			buildSettings = {
				ALWAYS_EMBED_SWIFT_STANDARD_LIBRARIES = YES;
				CODE_SIGN_STYLE = Automatic;
				CURRENT_PROJECT_VERSION = 1;
				GENERATE_INFOPLIST_FILE = YES;
				MARKETING_VERSION = 1.0;
				PRODUCT_BUNDLE_IDENTIFIER = abc.FocusFlowUITests;
				PRODUCT_NAME = "$(TARGET_NAME)";
				SWIFT_EMIT_LOC_STRINGS = NO;
				SWIFT_VERSION = 5.0;
				TARGETED_DEVICE_FAMILY = "1,2";
				TEST_TARGET_NAME = FocusFlow;
			};
			name = Debug;
		};
		4DC0576F2EECB6D50042ACB2 /* Release */ = {
			isa = XCBuildConfiguration;
			buildSettings = {
				ALWAYS_EMBED_SWIFT_STANDARD_LIBRARIES = YES;
				CODE_SIGN_STYLE = Automatic;
				CURRENT_PROJECT_VERSION = 1;
				GENERATE_INFOPLIST_FILE = YES;
				MARKETING_VERSION = 1.0;
				PRODUCT_BUNDLE_IDENTIFIER = abc.FocusFlowUITests;
				PRODUCT_NAME = "$(TARGET_NAME)";
				SWIFT_EMIT_LOC_STRINGS = NO;
				SWIFT_VERSION = 5.0;
				TARGETED_DEVICE_FAMILY = "1,2";
				TEST_TARGET_NAME = FocusFlow;
			};
			name = Release;
		};
/* End XCBuildConfiguration section */

/* Begin XCConfigurationList section */
		4DC0573E2EECB6D40042ACB2 /* Build configuration list for PBXProject "FocusFlow" */ = {
			isa = XCConfigurationList;
			buildConfigurations = (
				4DC057652EECB6D50042ACB2 /* Debug */,
				4DC057662EECB6D50042ACB2 /* Release */,
			);
			defaultConfigurationIsVisible = 0;
			defaultConfigurationName = Release;
		};
		4DC057672EECB6D50042ACB2 /* Build configuration list for PBXNativeTarget "FocusFlow" */ = {
			isa = XCConfigurationList;
			buildConfigurations = (
				4DC057682EECB6D50042ACB2 /* Debug */,
				4DC057692EECB6D50042ACB2 /* Release */,
			);
			defaultConfigurationIsVisible = 0;
			defaultConfigurationName = Release;
		};
		4DC0576A2EECB6D50042ACB2 /* Build configuration list for PBXNativeTarget "FocusFlowTests" */ = {
			isa = XCConfigurationList;
			buildConfigurations = (
				4DC0576B2EECB6D50042ACB2 /* Debug */,
				4DC0576C2EECB6D50042ACB2 /* Release */,
			);
			defaultConfigurationIsVisible = 0;
			defaultConfigurationName = Release;
		};
		4DC0576D2EECB6D50042ACB2 /* Build configuration list for PBXNativeTarget "FocusFlowUITests" */ = {
			isa = XCConfigurationList;
			buildConfigurations = (
				4DC0576E2EECB6D50042ACB2 /* Debug */,
				4DC0576F2EECB6D50042ACB2 /* Release */,
			);
			defaultConfigurationIsVisible = 0;
			defaultConfigurationName = Release;
		};
/* End XCConfigurationList section */
	};
	rootObject = 4DC0573B2EECB6D40042ACB2 /* Project object */;
}
